// !$*UTF8*$!
{
	archiveVersion = 1;
	classes = {
	};
	objectVersion = 55;
	objects = {

/* Begin PBXBuildFile section */
		CFB3E2E6275D1D3000312CB8 /* AppDelegate.swift in Sources */ = {isa = PBXBuildFile; fileRef = CFB3E2E5275D1D3000312CB8 /* AppDelegate.swift */; };
		CFB3E2E8275D1D3000312CB8 /* SceneDelegate.swift in Sources */ = {isa = PBXBuildFile; fileRef = CFB3E2E7275D1D3000312CB8 /* SceneDelegate.swift */; };
		CFB3E2EA275D1D3000312CB8 /* ViewController.swift in Sources */ = {isa = PBXBuildFile; fileRef = CFB3E2E9275D1D3000312CB8 /* ViewController.swift */; };
		CFB3E2ED275D1D3000312CB8 /* Main.storyboard in Resources */ = {isa = PBXBuildFile; fileRef = CFB3E2EB275D1D3000312CB8 /* Main.storyboard */; };
		CFB3E2EF275D1D3200312CB8 /* Assets.xcassets in Resources */ = {isa = PBXBuildFile; fileRef = CFB3E2EE275D1D3200312CB8 /* Assets.xcassets */; };
		CFB3E2F2275D1D3200312CB8 /* LaunchScreen.storyboard in Resources */ = {isa = PBXBuildFile; fileRef = CFB3E2F0275D1D3200312CB8 /* LaunchScreen.storyboard */; };
		FB554CFDBEE60FAE06D7BF95 /* Pods_NasaImageApi.framework in Frameworks */ = {isa = PBXBuildFile; fileRef = 464D42EE9D217D758EDCF78C /* Pods_NasaImageApi.framework */; };
/* End PBXBuildFile section */

/* Begin PBXFileReference section */
		1B0781F644B8483905F1D082 /* Pods-NasaImageApi.release.xcconfig */ = {isa = PBXFileReference; includeInIndex = 1; lastKnownFileType = text.xcconfig; name = "Pods-NasaImageApi.release.xcconfig"; path = "Target Support Files/Pods-NasaImageApi/Pods-NasaImageApi.release.xcconfig"; sourceTree = "<group>"; };
		464D42EE9D217D758EDCF78C /* Pods_NasaImageApi.framework */ = {isa = PBXFileReference; explicitFileType = wrapper.framework; includeInIndex = 0; path = Pods_NasaImageApi.framework; sourceTree = BUILT_PRODUCTS_DIR; };
		CFB3E2E2275D1D3000312CB8 /* NasaImageApi.app */ = {isa = PBXFileReference; explicitFileType = wrapper.application; includeInIndex = 0; path = NasaImageApi.app; sourceTree = BUILT_PRODUCTS_DIR; };
		CFB3E2E5275D1D3000312CB8 /* AppDelegate.swift */ = {isa = PBXFileReference; lastKnownFileType = sourcecode.swift; path = AppDelegate.swift; sourceTree = "<group>"; };
		CFB3E2E7275D1D3000312CB8 /* SceneDelegate.swift */ = {isa = PBXFileReference; lastKnownFileType = sourcecode.swift; path = SceneDelegate.swift; sourceTree = "<group>"; };
		CFB3E2E9275D1D3000312CB8 /* ViewController.swift */ = {isa = PBXFileReference; lastKnownFileType = sourcecode.swift; path = ViewController.swift; sourceTree = "<group>"; };
		CFB3E2EC275D1D3000312CB8 /* Base */ = {isa = PBXFileReference; lastKnownFileType = file.storyboard; name = Base; path = Base.lproj/Main.storyboard; sourceTree = "<group>"; };
		CFB3E2EE275D1D3200312CB8 /* Assets.xcassets */ = {isa = PBXFileReference; lastKnownFileType = folder.assetcatalog; path = Assets.xcassets; sourceTree = "<group>"; };
		CFB3E2F1275D1D3200312CB8 /* Base */ = {isa = PBXFileReference; lastKnownFileType = file.storyboard; name = Base; path = Base.lproj/LaunchScreen.storyboard; sourceTree = "<group>"; };
		CFB3E2F3275D1D3200312CB8 /* Info.plist */ = {isa = PBXFileReference; lastKnownFileType = text.plist.xml; path = Info.plist; sourceTree = "<group>"; };
		FAED60C1C7E6D0E6701DE639 /* Pods-NasaImageApi.debug.xcconfig */ = {isa = PBXFileReference; includeInIndex = 1; lastKnownFileType = text.xcconfig; name = "Pods-NasaImageApi.debug.xcconfig"; path = "Target Support Files/Pods-NasaImageApi/Pods-NasaImageApi.debug.xcconfig"; sourceTree = "<group>"; };
/* End PBXFileReference section */

/* Begin PBXFrameworksBuildPhase section */
		CFB3E2DF275D1D3000312CB8 /* Frameworks */ = {
			isa = PBXFrameworksBuildPhase;
			buildActionMask = 2147483647;
			files = (
				FB554CFDBEE60FAE06D7BF95 /* Pods_NasaImageApi.framework in Frameworks */,
			);
			runOnlyForDeploymentPostprocessing = 0;
		};
/* End PBXFrameworksBuildPhase section */

/* Begin PBXGroup section */
		1F5BE0C7159815FE400122ED /* Frameworks */ = {
			isa = PBXGroup;
			children = (
				464D42EE9D217D758EDCF78C /* Pods_NasaImageApi.framework */,
			);
			name = Frameworks;
			sourceTree = "<group>";
		};
		94E02823A82FEFAF0ABB6B31 /* Pods */ = {
			isa = PBXGroup;
			children = (
				FAED60C1C7E6D0E6701DE639 /* Pods-NasaImageApi.debug.xcconfig */,
				1B0781F644B8483905F1D082 /* Pods-NasaImageApi.release.xcconfig */,
			);
			name = Pods;
			path = Pods;
			sourceTree = "<group>";
		};
		CFB3E2D9275D1D3000312CB8 = {
			isa = PBXGroup;
			children = (
				CFB3E2E4275D1D3000312CB8 /* NasaImageApi */,
				CFB3E2E3275D1D3000312CB8 /* Products */,
				94E02823A82FEFAF0ABB6B31 /* Pods */,
				1F5BE0C7159815FE400122ED /* Frameworks */,
			);
			sourceTree = "<group>";
		};
		CFB3E2E3275D1D3000312CB8 /* Products */ = {
			isa = PBXGroup;
			children = (
				CFB3E2E2275D1D3000312CB8 /* NasaImageApi.app */,
			);
			name = Products;
			sourceTree = "<group>";
		};
		CFB3E2E4275D1D3000312CB8 /* NasaImageApi */ = {
			isa = PBXGroup;
			children = (
				CFB3E2E5275D1D3000312CB8 /* AppDelegate.swift */,
				CFB3E2E7275D1D3000312CB8 /* SceneDelegate.swift */,
				CFB3E2E9275D1D3000312CB8 /* ViewController.swift */,
				CFB3E2EB275D1D3000312CB8 /* Main.storyboard */,
				CFB3E2EE275D1D3200312CB8 /* Assets.xcassets */,
				CFB3E2F0275D1D3200312CB8 /* LaunchScreen.storyboard */,
				CFB3E2F3275D1D3200312CB8 /* Info.plist */,
			);
			path = NasaImageApi;
			sourceTree = "<group>";
		};
/* End PBXGroup section */

/* Begin PBXNativeTarget section */
		CFB3E2E1275D1D3000312CB8 /* NasaImageApi */ = {
			isa = PBXNativeTarget;
			buildConfigurationList = CFB3E2F6275D1D3200312CB8 /* Build configuration list for PBXNativeTarget "NasaImageApi" */;
			buildPhases = (
				7AC15B6E92FE1BAD7B23C57A /* [CP] Check Pods Manifest.lock */,
				CFB3E2DE275D1D3000312CB8 /* Sources */,
				CFB3E2DF275D1D3000312CB8 /* Frameworks */,
				CFB3E2E0275D1D3000312CB8 /* Resources */,
				63E688DD581BD2C74E6E265E /* [CP] Embed Pods Frameworks */,
			);
			buildRules = (
			);
			dependencies = (
			);
			name = NasaImageApi;
			productName = NasaImageApi;
			productReference = CFB3E2E2275D1D3000312CB8 /* NasaImageApi.app */;
			productType = "com.apple.product-type.application";
		};
/* End PBXNativeTarget section */

/* Begin PBXProject section */
		CFB3E2DA275D1D3000312CB8 /* Project object */ = {
			isa = PBXProject;
			attributes = {
				BuildIndependentTargetsInParallel = 1;
				LastSwiftUpdateCheck = 1310;
				LastUpgradeCheck = 1310;
				TargetAttributes = {
					CFB3E2E1275D1D3000312CB8 = {
						CreatedOnToolsVersion = 13.1;
					};
				};
			};
			buildConfigurationList = CFB3E2DD275D1D3000312CB8 /* Build configuration list for PBXProject "NasaImageApi" */;
			compatibilityVersion = "Xcode 13.0";
			developmentRegion = en;
			hasScannedForEncodings = 0;
			knownRegions = (
				en,
				Base,
			);
			mainGroup = CFB3E2D9275D1D3000312CB8;
			productRefGroup = CFB3E2E3275D1D3000312CB8 /* Products */;
			projectDirPath = "";
			projectRoot = "";
			targets = (
				CFB3E2E1275D1D3000312CB8 /* NasaImageApi */,
			);
		};
/* End PBXProject section */

/* Begin PBXResourcesBuildPhase section */
		CFB3E2E0275D1D3000312CB8 /* Resources */ = {
			isa = PBXResourcesBuildPhase;
			buildActionMask = 2147483647;
			files = (
				CFB3E2F2275D1D3200312CB8 /* LaunchScreen.storyboard in Resources */,
				CFB3E2EF275D1D3200312CB8 /* Assets.xcassets in Resources */,
				CFB3E2ED275D1D3000312CB8 /* Main.storyboard in Resources */,
			);
			runOnlyForDeploymentPostprocessing = 0;
		};
/* End PBXResourcesBuildPhase section */

/* Begin PBXShellScriptBuildPhase section */
		63E688DD581BD2C74E6E265E /* [CP] Embed Pods Frameworks */ = {
			isa = PBXShellScriptBuildPhase;
			buildActionMask = 2147483647;
			files = (
			);
			inputFileListPaths = (
				"${PODS_ROOT}/Target Support Files/Pods-NasaImageApi/Pods-NasaImageApi-frameworks-${CONFIGURATION}-input-files.xcfilelist",
			);
			name = "[CP] Embed Pods Frameworks";
			outputFileListPaths = (
				"${PODS_ROOT}/Target Support Files/Pods-NasaImageApi/Pods-NasaImageApi-frameworks-${CONFIGURATION}-output-files.xcfilelist",
			);
			runOnlyForDeploymentPostprocessing = 0;
			shellPath = /bin/sh;
			shellScript = "\"${PODS_ROOT}/Target Support Files/Pods-NasaImageApi/Pods-NasaImageApi-frameworks.sh\"\n";
			showEnvVarsInLog = 0;
		};
		7AC15B6E92FE1BAD7B23C57A /* [CP] Check Pods Manifest.lock */ = {
			isa = PBXShellScriptBuildPhase;
			buildActionMask = 2147483647;
			files = (
			);
			inputFileListPaths = (
			);
			inputPaths = (
				"${PODS_PODFILE_DIR_PATH}/Podfile.lock",
				"${PODS_ROOT}/Manifest.lock",
			);
			name = "[CP] Check Pods Manifest.lock";
			outputFileListPaths = (
			);
			outputPaths = (
				"$(DERIVED_FILE_DIR)/Pods-NasaImageApi-checkManifestLockResult.txt",
			);
			runOnlyForDeploymentPostprocessing = 0;
			shellPath = /bin/sh;
			shellScript = "diff \"${PODS_PODFILE_DIR_PATH}/Podfile.lock\" \"${PODS_ROOT}/Manifest.lock\" > /dev/null\nif [ $? != 0 ] ; then\n    # print error to STDERR\n    echo \"error: The sandbox is not in sync with the Podfile.lock. Run 'pod install' or update your CocoaPods installation.\" >&2\n    exit 1\nfi\n# This output is used by Xcode 'outputs' to avoid re-running this script phase.\necho \"SUCCESS\" > \"${SCRIPT_OUTPUT_FILE_0}\"\n";
			showEnvVarsInLog = 0;
		};
/* End PBXShellScriptBuildPhase section */

/* Begin PBXSourcesBuildPhase section */
		CFB3E2DE275D1D3000312CB8 /* Sources */ = {
			isa = PBXSourcesBuildPhase;
			buildActionMask = 2147483647;
			files = (
				CFB3E2EA275D1D3000312CB8 /* ViewController.swift in Sources */,
				CFB3E2E6275D1D3000312CB8 /* AppDelegate.swift in Sources */,
				CFB3E2E8275D1D3000312CB8 /* SceneDelegate.swift in Sources */,
			);
			runOnlyForDeploymentPostprocessing = 0;
		};
/* End PBXSourcesBuildPhase section */

/* Begin PBXVariantGroup section */
		CFB3E2EB275D1D3000312CB8 /* Main.storyboard */ = {
			isa = PBXVariantGroup;
			children = (
				CFB3E2EC275D1D3000312CB8 /* Base */,
			);
			name = Main.storyboard;
			sourceTree = "<group>";
		};
		CFB3E2F0275D1D3200312CB8 /* LaunchScreen.storyboard */ = {
			isa = PBXVariantGroup;
			children = (
				CFB3E2F1275D1D3200312CB8 /* Base */,
			);
			name = LaunchScreen.storyboard;
			sourceTree = "<group>";
		};
/* End PBXVariantGroup section */

/* Begin XCBuildConfiguration section */
		CFB3E2F4275D1D3200312CB8 /* Debug */ = {
			isa = XCBuildConfiguration;
			buildSettings = {
				ALWAYS_SEARCH_USER_PATHS = NO;
				CLANG_ANALYZER_NONNULL = YES;
				CLANG_ANALYZER_NUMBER_OBJECT_CONVERSION = YES_AGGRESSIVE;
				CLANG_CXX_LANGUAGE_STANDARD = "gnu++17";
				CLANG_CXX_LIBRARY = "libc++";
				CLANG_ENABLE_MODULES = YES;
				CLANG_ENABLE_OBJC_ARC = YES;
				CLANG_ENABLE_OBJC_WEAK = YES;
				CLANG_WARN_BLOCK_CAPTURE_AUTORELEASING = YES;
				CLANG_WARN_BOOL_CONVERSION = YES;
				CLANG_WARN_COMMA = YES;
				CLANG_WARN_CONSTANT_CONVERSION = YES;
				CLANG_WARN_DEPRECATED_OBJC_IMPLEMENTATIONS = YES;
				CLANG_WARN_DIRECT_OBJC_ISA_USAGE = YES_ERROR;
				CLANG_WARN_DOCUMENTATION_COMMENTS = YES;
				CLANG_WARN_EMPTY_BODY = YES;
				CLANG_WARN_ENUM_CONVERSION = YES;
				CLANG_WARN_INFINITE_RECURSION = YES;
				CLANG_WARN_INT_CONVERSION = YES;
				CLANG_WARN_NON_LITERAL_NULL_CONVERSION = YES;
				CLANG_WARN_OBJC_IMPLICIT_RETAIN_SELF = YES;
				CLANG_WARN_OBJC_LITERAL_CONVERSION = YES;
				CLANG_WARN_OBJC_ROOT_CLASS = YES_ERROR;
				CLANG_WARN_QUOTED_INCLUDE_IN_FRAMEWORK_HEADER = YES;
				CLANG_WARN_RANGE_LOOP_ANALYSIS = YES;
				CLANG_WARN_STRICT_PROTOTYPES = YES;
				CLANG_WARN_SUSPICIOUS_MOVE = YES;
				CLANG_WARN_UNGUARDED_AVAILABILITY = YES_AGGRESSIVE;
				CLANG_WARN_UNREACHABLE_CODE = YES;
				CLANG_WARN__DUPLICATE_METHOD_MATCH = YES;
				COPY_PHASE_STRIP = NO;
				DEBUG_INFORMATION_FORMAT = dwarf;
				ENABLE_STRICT_OBJC_MSGSEND = YES;
				ENABLE_TESTABILITY = YES;
				GCC_C_LANGUAGE_STANDARD = gnu11;
				GCC_DYNAMIC_NO_PIC = NO;
				GCC_NO_COMMON_BLOCKS = YES;
				GCC_OPTIMIZATION_LEVEL = 0;
				GCC_PREPROCESSOR_DEFINITIONS = (
					"DEBUG=1",
					"$(inherited)",
				);
				GCC_WARN_64_TO_32_BIT_CONVERSION = YES;
				GCC_WARN_ABOUT_RETURN_TYPE = YES_ERROR;
				GCC_WARN_UNDECLARED_SELECTOR = YES;
				GCC_WARN_UNINITIALIZED_AUTOS = YES_AGGRESSIVE;
				GCC_WARN_UNUSED_FUNCTION = YES;
				GCC_WARN_UNUSED_VARIABLE = YES;
				IPHONEOS_DEPLOYMENT_TARGET = 15.0;
				MTL_ENABLE_DEBUG_INFO = INCLUDE_SOURCE;
				MTL_FAST_MATH = YES;
				ONLY_ACTIVE_ARCH = YES;
				SDKROOT = iphoneos;
				SWIFT_ACTIVE_COMPILATION_CONDITIONS = DEBUG;
				SWIFT_OPTIMIZATION_LEVEL = "-Onone";
			};
			name = Debug;
		};
		CFB3E2F5275D1D3200312CB8 /* Release */ = {
			isa = XCBuildConfiguration;
			buildSettings = {
				ALWAYS_SEARCH_USER_PATHS = NO;
				CLANG_ANALYZER_NONNULL = YES;
				CLANG_ANALYZER_NUMBER_OBJECT_CONVERSION = YES_AGGRESSIVE;
				CLANG_CXX_LANGUAGE_STANDARD = "gnu++17";
				CLANG_CXX_LIBRARY = "libc++";
				CLANG_ENABLE_MODULES = YES;
				CLANG_ENABLE_OBJC_ARC = YES;
				CLANG_ENABLE_OBJC_WEAK = YES;
				CLANG_WARN_BLOCK_CAPTURE_AUTORELEASING = YES;
				CLANG_WARN_BOOL_CONVERSION = YES;
				CLANG_WARN_COMMA = YES;
				CLANG_WARN_CONSTANT_CONVERSION = YES;
				CLANG_WARN_DEPRECATED_OBJC_IMPLEMENTATIONS = YES;
				CLANG_WARN_DIRECT_OBJC_ISA_USAGE = YES_ERROR;
				CLANG_WARN_DOCUMENTATION_COMMENTS = YES;
				CLANG_WARN_EMPTY_BODY = YES;
				CLANG_WARN_ENUM_CONVERSION = YES;
				CLANG_WARN_INFINITE_RECURSION = YES;
				CLANG_WARN_INT_CONVERSION = YES;
				CLANG_WARN_NON_LITERAL_NULL_CONVERSION = YES;
				CLANG_WARN_OBJC_IMPLICIT_RETAIN_SELF = YES;
				CLANG_WARN_OBJC_LITERAL_CONVERSION = YES;
				CLANG_WARN_OBJC_ROOT_CLASS = YES_ERROR;
				CLANG_WARN_QUOTED_INCLUDE_IN_FRAMEWORK_HEADER = YES;
				CLANG_WARN_RANGE_LOOP_ANALYSIS = YES;
				CLANG_WARN_STRICT_PROTOTYPES = YES;
				CLANG_WARN_SUSPICIOUS_MOVE = YES;
				CLANG_WARN_UNGUARDED_AVAILABILITY = YES_AGGRESSIVE;
				CLANG_WARN_UNREACHABLE_CODE = YES;
				CLANG_WARN__DUPLICATE_METHOD_MATCH = YES;
				COPY_PHASE_STRIP = NO;
				DEBUG_INFORMATION_FORMAT = "dwarf-with-dsym";
				ENABLE_NS_ASSERTIONS = NO;
				ENABLE_STRICT_OBJC_MSGSEND = YES;
				GCC_C_LANGUAGE_STANDARD = gnu11;
				GCC_NO_COMMON_BLOCKS = YES;
				GCC_WARN_64_TO_32_BIT_CONVERSION = YES;
				GCC_WARN_ABOUT_RETURN_TYPE = YES_ERROR;
				GCC_WARN_UNDECLARED_SELECTOR = YES;
				GCC_WARN_UNINITIALIZED_AUTOS = YES_AGGRESSIVE;
				GCC_WARN_UNUSED_FUNCTION = YES;
				GCC_WARN_UNUSED_VARIABLE = YES;
				IPHONEOS_DEPLOYMENT_TARGET = 15.0;
				MTL_ENABLE_DEBUG_INFO = NO;
				MTL_FAST_MATH = YES;
				SDKROOT = iphoneos;
				SWIFT_COMPILATION_MODE = wholemodule;
				SWIFT_OPTIMIZATION_LEVEL = "-O";
				VALIDATE_PRODUCT = YES;
			};
			name = Release;
		};
		CFB3E2F7275D1D3200312CB8 /* Debug */ = {
			isa = XCBuildConfiguration;
			baseConfigurationReference = FAED60C1C7E6D0E6701DE639 /* Pods-NasaImageApi.debug.xcconfig */;
			buildSettings = {
				ASSETCATALOG_COMPILER_APPICON_NAME = AppIcon;
				ASSETCATALOG_COMPILER_GLOBAL_ACCENT_COLOR_NAME = AccentColor;
				CODE_SIGN_STYLE = Automatic;
				CURRENT_PROJECT_VERSION = 1;
				DEVELOPMENT_TEAM = N936TX7YVC;
				GENERATE_INFOPLIST_FILE = YES;
				INFOPLIST_FILE = NasaImageApi/Info.plist;
				INFOPLIST_KEY_UIApplicationSupportsIndirectInputEvents = YES;
				INFOPLIST_KEY_UILaunchStoryboardName = LaunchScreen;
				INFOPLIST_KEY_UIMainStoryboardFile = Main;
				INFOPLIST_KEY_UISupportedInterfaceOrientations_iPad = "UIInterfaceOrientationPortrait UIInterfaceOrientationPortraitUpsideDown UIInterfaceOrientationLandscapeLeft UIInterfaceOrientationLandscapeRight";
				INFOPLIST_KEY_UISupportedInterfaceOrientations_iPhone = "UIInterfaceOrientationPortrait UIInterfaceOrientationLandscapeLeft UIInterfaceOrientationLandscapeRight";
				LD_RUNPATH_SEARCH_PATHS = (
					"$(inherited)",
					"@executable_path/Frameworks",
				);
				MARKETING_VERSION = 1.0;
				PRODUCT_BUNDLE_IDENTIFIER = com.RayanTaj.NasaImageApi;
				PRODUCT_NAME = "$(TARGET_NAME)";
				SWIFT_EMIT_LOC_STRINGS = YES;
				SWIFT_VERSION = 5.0;
				TARGETED_DEVICE_FAMILY = "1,2";
			};
			name = Debug;
		};
		CFB3E2F8275D1D3200312CB8 /* Release */ = {
			isa = XCBuildConfiguration;
			baseConfigurationReference = 1B0781F644B8483905F1D082 /* Pods-NasaImageApi.release.xcconfig */;
			buildSettings = {
				ASSETCATALOG_COMPILER_APPICON_NAME = AppIcon;
				ASSETCATALOG_COMPILER_GLOBAL_ACCENT_COLOR_NAME = AccentColor;
				CODE_SIGN_STYLE = Automatic;
				CURRENT_PROJECT_VERSION = 1;
				DEVELOPMENT_TEAM = N936TX7YVC;
				GENERATE_INFOPLIST_FILE = YES;
				INFOPLIST_FILE = NasaImageApi/Info.plist;
				INFOPLIST_KEY_UIApplicationSupportsIndirectInputEvents = YES;
				INFOPLIST_KEY_UILaunchStoryboardName = LaunchScreen;
				INFOPLIST_KEY_UIMainStoryboardFile = Main;
				INFOPLIST_KEY_UISupportedInterfaceOrientations_iPad = "UIInterfaceOrientationPortrait UIInterfaceOrientationPortraitUpsideDown UIInterfaceOrientationLandscapeLeft UIInterfaceOrientationLandscapeRight";
				INFOPLIST_KEY_UISupportedInterfaceOrientations_iPhone = "UIInterfaceOrientationPortrait UIInterfaceOrientationLandscapeLeft UIInterfaceOrientationLandscapeRight";
				LD_RUNPATH_SEARCH_PATHS = (
					"$(inherited)",
					"@executable_path/Frameworks",
				);
				MARKETING_VERSION = 1.0;
				PRODUCT_BUNDLE_IDENTIFIER = com.RayanTaj.NasaImageApi;
				PRODUCT_NAME = "$(TARGET_NAME)";
				SWIFT_EMIT_LOC_STRINGS = YES;
				SWIFT_VERSION = 5.0;
				TARGETED_DEVICE_FAMILY = "1,2";
			};
			name = Release;
		};
/* End XCBuildConfiguration section */

/* Begin XCConfigurationList section */
		CFB3E2DD275D1D3000312CB8 /* Build configuration list for PBXProject "NasaImageApi" */ = {
			isa = XCConfigurationList;
			buildConfigurations = (
				CFB3E2F4275D1D3200312CB8 /* Debug */,
				CFB3E2F5275D1D3200312CB8 /* Release */,
			);
			defaultConfigurationIsVisible = 0;
			defaultConfigurationName = Release;
		};
		CFB3E2F6275D1D3200312CB8 /* Build configuration list for PBXNativeTarget "NasaImageApi" */ = {
			isa = XCConfigurationList;
			buildConfigurations = (
				CFB3E2F7275D1D3200312CB8 /* Debug */,
				CFB3E2F8275D1D3200312CB8 /* Release */,
			);
			defaultConfigurationIsVisible = 0;
			defaultConfigurationName = Release;
		};
/* End XCConfigurationList section */
	};
	rootObject = CFB3E2DA275D1D3000312CB8 /* Project object */;
}
